# Generated by pub
# See https://dart.dev/tools/pub/glossary#lockfile
packages:
  meta:
    dependency: "direct main"
    description:
      name: meta
      url: "https://pub.dartlang.org"
    source: hosted
    version: "1.1.7"
  pedantic_mono:
    dependency: "direct dev"
    description:
      name: pedantic_mono
      url: "https://pub.dartlang.org"
    source: hosted
    version: "1.4.1"
  redux:
    dependency: "direct main"
    description:
      name: redux
      url: "https://pub.dartlang.org"
    source: hosted
    version: "3.0.0"
sdks:
  dart: ">=2.2.3 <3.0.0"
